
Microsoft Visual Studio Solution File, Format Version 12.00
# Visual Studio 2012
Project("{FAE04EC0-301F-11D3-BF4B-00C04F79EFBC}") = "MaestroTest", "MaestroTest\MaestroTest.csproj", "{21D8EA5E-0FC3-4279-AA98-AEE08B621A64}"
EndProject
Project("{FAE04EC0-301F-11D3-BF4B-00C04F79EFBC}") = "MaestroEasyExample", "..\pololu-usb-sdk\Maestro\MaestroEasyExample\MaestroEasyExample.csproj", "{5F279697-3F4A-4833-9E28-584DF5068909}"
EndProject
Global
	GlobalSection(SolutionConfigurationPlatforms) = preSolution
		Debug|Any CPU = Debug|Any CPU
		Release|Any CPU = Release|Any CPU
	EndGlobalSection
	GlobalSection(ProjectConfigurationPlatforms) = postSolution
		{21D8EA5E-0FC3-4279-AA98-AEE08B621A64}.Debug|Any CPU.ActiveCfg = Debug|Any CPU
		{21D8EA5E-0FC3-4279-AA98-AEE08B621A64}.Debug|Any CPU.Build.0 = Debug|Any CPU
		{21D8EA5E-0FC3-4279-AA98-AEE08B621A64}.Release|Any CPU.ActiveCfg = Release|Any CPU
		{21D8EA5E-0FC3-4279-AA98-AEE08B621A64}.Release|Any CPU.Build.0 = Release|Any CPU
		{5F279697-3F4A-4833-9E28-584DF5068909}.Debug|Any CPU.ActiveCfg = Debug|Any CPU
		{5F279697-3F4A-4833-9E28-584DF5068909}.Debug|Any CPU.Build.0 = Debug|Any CPU
		{5F279697-3F4A-4833-9E28-584DF5068909}.Release|Any CPU.ActiveCfg = Release|Any CPU
		{5F279697-3F4A-4833-9E28-584DF5068909}.Release|Any CPU.Build.0 = Release|Any CPU
	EndGlobalSection
	GlobalSection(SolutionProperties) = preSolution
		HideSolutionNode = FALSE
	EndGlobalSection
EndGlobal
